# This file is automatically @generated by Poetry 2.1.1 and should not be changed by hand.

[metadata]
lock-version = "2.1"
python-versions = "^3.13.2"
content-hash = "bda462a8b1a27596fb24129e48528325509efef7825da7cb9382a47d8eb33a45"

[tool.poetry]
package-mode = false

[tool.poetry.dependencies]
python = "^3.12"


[build-system]
requires = ["poetry-core"]
build-backend = "poetry.core.masonry.api"